
Microsoft Visual Studio Solution File, Format Version 12.00
# Visual Studio 2013
VisualStudioVersion = 12.0.30501.0
MinimumVisualStudioVersion = 10.0.40219.1
Project("{E24C65DC-7377-472B-9ABA-BC803B73C61A}") = "WebSite", "http://localhost:49863", "{3CB98405-638C-4705-899F-8D250BA835AE}"
	ProjectSection(WebsiteProperties) = preProject
		UseIISExpress = "true"
		TargetFrameworkMoniker = ".NETFramework,Version%3Dv4.5"
		ProjectReferences = "{41f71a97-685f-40ed-ac17-04afc54267d4}|eResaurant.dll;"
		Debug.AspNetCompiler.VirtualPath = "/localhost_49863"
		Debug.AspNetCompiler.PhysicalPath = "WebSite\"
		Debug.AspNetCompiler.TargetPath = "PrecompiledWeb\localhost_49863\"
		Debug.AspNetCompiler.Updateable = "true"
		Debug.AspNetCompiler.ForceOverwrite = "true"
		Debug.AspNetCompiler.FixedNames = "false"
		Debug.AspNetCompiler.Debug = "True"
		Release.AspNetCompiler.VirtualPath = "/localhost_49863"
		Release.AspNetCompiler.PhysicalPath = "WebSite\"
		Release.AspNetCompiler.TargetPath = "PrecompiledWeb\localhost_49863\"
		Release.AspNetCompiler.Updateable = "true"
		Release.AspNetCompiler.ForceOverwrite = "true"
		Release.AspNetCompiler.FixedNames = "false"
		Release.AspNetCompiler.Debug = "False"
		SlnRelativePath = "WebSite\"
		DefaultWebSiteLanguage = "Visual C#"
	EndProjectSection
EndProject
Project("{FAE04EC0-301F-11D3-BF4B-00C04F79EFBC}") = "eResaurant", "eResaurant\eResaurant.csproj", "{41F71A97-685F-40ED-AC17-04AFC54267D4}"
EndProject
Project("{FAE04EC0-301F-11D3-BF4B-00C04F79EFBC}") = "eRestaurant.Requirements", "eRestaurant.Requirements\eRestaurant.Requirements.csproj", "{10157134-BCF5-476D-B379-452AAA335C65}"
EndProject
Global
	GlobalSection(SolutionConfigurationPlatforms) = preSolution
		Debug|Any CPU = Debug|Any CPU
		Release|Any CPU = Release|Any CPU
	EndGlobalSection
	GlobalSection(ProjectConfigurationPlatforms) = postSolution
		{3CB98405-638C-4705-899F-8D250BA835AE}.Debug|Any CPU.ActiveCfg = Debug|Any CPU
		{3CB98405-638C-4705-899F-8D250BA835AE}.Debug|Any CPU.Build.0 = Debug|Any CPU
		{3CB98405-638C-4705-899F-8D250BA835AE}.Release|Any CPU.ActiveCfg = Debug|Any CPU
		{3CB98405-638C-4705-899F-8D250BA835AE}.Release|Any CPU.Build.0 = Debug|Any CPU
		{41F71A97-685F-40ED-AC17-04AFC54267D4}.Debug|Any CPU.ActiveCfg = Debug|Any CPU
		{41F71A97-685F-40ED-AC17-04AFC54267D4}.Debug|Any CPU.Build.0 = Debug|Any CPU
		{41F71A97-685F-40ED-AC17-04AFC54267D4}.Release|Any CPU.ActiveCfg = Release|Any CPU
		{41F71A97-685F-40ED-AC17-04AFC54267D4}.Release|Any CPU.Build.0 = Release|Any CPU
		{10157134-BCF5-476D-B379-452AAA335C65}.Debug|Any CPU.ActiveCfg = Debug|Any CPU
		{10157134-BCF5-476D-B379-452AAA335C65}.Debug|Any CPU.Build.0 = Debug|Any CPU
		{10157134-BCF5-476D-B379-452AAA335C65}.Release|Any CPU.ActiveCfg = Release|Any CPU
		{10157134-BCF5-476D-B379-452AAA335C65}.Release|Any CPU.Build.0 = Release|Any CPU
	EndGlobalSection
	GlobalSection(SolutionProperties) = preSolution
		HideSolutionNode = FALSE
	EndGlobalSection
EndGlobal
